
Microsoft Visual Studio Solution File, Format Version 11.00
# Visual Studio 2010
Project("{FAE04EC0-301F-11D3-BF4B-00C04F79EFBC}") = "ZebraSDKDemos", "ZebraSDKDemos.csproj", "{9F317E0F-738E-4A1A-B4A3-FEFE54486592}"
EndProject
Project("{FAE04EC0-301F-11D3-BF4B-00C04F79EFBC}") = "ZebraSDK", "..\..\binding\ZebraSDK.csproj", "{2B40304E-A8C0-4EF2-BCC4-F782036F1432}"
EndProject
Global
	GlobalSection(SolutionConfigurationPlatforms) = preSolution
		Debug|iPhoneSimulator = Debug|iPhoneSimulator
		Release|iPhoneSimulator = Release|iPhoneSimulator
		Debug|iPhone = Debug|iPhone
		Release|iPhone = Release|iPhone
		Ad-Hoc|iPhone = Ad-Hoc|iPhone
		AppStore|iPhone = AppStore|iPhone
	EndGlobalSection
	GlobalSection(ProjectConfigurationPlatforms) = postSolution
		{2B40304E-A8C0-4EF2-BCC4-F782036F1432}.Ad-Hoc|iPhone.ActiveCfg = Release|Any CPU
		{2B40304E-A8C0-4EF2-BCC4-F782036F1432}.Ad-Hoc|iPhone.Build.0 = Release|Any CPU
		{2B40304E-A8C0-4EF2-BCC4-F782036F1432}.AppStore|iPhone.ActiveCfg = Release|Any CPU
		{2B40304E-A8C0-4EF2-BCC4-F782036F1432}.AppStore|iPhone.Build.0 = Release|Any CPU
		{2B40304E-A8C0-4EF2-BCC4-F782036F1432}.Debug|iPhone.ActiveCfg = Debug|Any CPU
		{2B40304E-A8C0-4EF2-BCC4-F782036F1432}.Debug|iPhone.Build.0 = Debug|Any CPU
		{2B40304E-A8C0-4EF2-BCC4-F782036F1432}.Debug|iPhoneSimulator.ActiveCfg = Debug|Any CPU
		{2B40304E-A8C0-4EF2-BCC4-F782036F1432}.Debug|iPhoneSimulator.Build.0 = Debug|Any CPU
		{2B40304E-A8C0-4EF2-BCC4-F782036F1432}.Release|iPhone.ActiveCfg = Release|Any CPU
		{2B40304E-A8C0-4EF2-BCC4-F782036F1432}.Release|iPhone.Build.0 = Release|Any CPU
		{2B40304E-A8C0-4EF2-BCC4-F782036F1432}.Release|iPhoneSimulator.ActiveCfg = Release|Any CPU
		{2B40304E-A8C0-4EF2-BCC4-F782036F1432}.Release|iPhoneSimulator.Build.0 = Release|Any CPU
		{9F317E0F-738E-4A1A-B4A3-FEFE54486592}.Ad-Hoc|iPhone.ActiveCfg = Ad-Hoc|iPhone
		{9F317E0F-738E-4A1A-B4A3-FEFE54486592}.Ad-Hoc|iPhone.Build.0 = Ad-Hoc|iPhone
		{9F317E0F-738E-4A1A-B4A3-FEFE54486592}.AppStore|iPhone.ActiveCfg = AppStore|iPhone
		{9F317E0F-738E-4A1A-B4A3-FEFE54486592}.AppStore|iPhone.Build.0 = AppStore|iPhone
		{9F317E0F-738E-4A1A-B4A3-FEFE54486592}.Debug|iPhone.ActiveCfg = Debug|iPhone
		{9F317E0F-738E-4A1A-B4A3-FEFE54486592}.Debug|iPhone.Build.0 = Debug|iPhone
		{9F317E0F-738E-4A1A-B4A3-FEFE54486592}.Debug|iPhoneSimulator.ActiveCfg = Debug|iPhoneSimulator
		{9F317E0F-738E-4A1A-B4A3-FEFE54486592}.Debug|iPhoneSimulator.Build.0 = Debug|iPhoneSimulator
		{9F317E0F-738E-4A1A-B4A3-FEFE54486592}.Release|iPhone.ActiveCfg = Release|iPhone
		{9F317E0F-738E-4A1A-B4A3-FEFE54486592}.Release|iPhone.Build.0 = Release|iPhone
		{9F317E0F-738E-4A1A-B4A3-FEFE54486592}.Release|iPhoneSimulator.ActiveCfg = Release|iPhoneSimulator
		{9F317E0F-738E-4A1A-B4A3-FEFE54486592}.Release|iPhoneSimulator.Build.0 = Release|iPhoneSimulator
	EndGlobalSection
	GlobalSection(MonoDevelopProperties) = preSolution
		StartupItem = ZebraSDKDemos.csproj
	EndGlobalSection
EndGlobal
